
Microsoft Visual Studio Solution File, Format Version 12.00
# Visual Studio Version 17
VisualStudioVersion = 17.5.33530.505
MinimumVisualStudioVersion = 10.0.40219.1
Project("{FAE04EC0-301F-11D3-BF4B-00C04F79EFBC}") = "Lab_Alg_1", "Lab_Alg_1\Lab_Alg_1.csproj", "{F1BD6650-C9B3-4DC8-98C7-0C3E119BB094}"
EndProject
Global
	GlobalSection(SolutionConfigurationPlatforms) = preSolution
		Debug|Any CPU = Debug|Any CPU
		Release|Any CPU = Release|Any CPU
	EndGlobalSection
	GlobalSection(ProjectConfigurationPlatforms) = postSolution
		{F1BD6650-C9B3-4DC8-98C7-0C3E119BB094}.Debug|Any CPU.ActiveCfg = Debug|Any CPU
		{F1BD6650-C9B3-4DC8-98C7-0C3E119BB094}.Debug|Any CPU.Build.0 = Debug|Any CPU
		{F1BD6650-C9B3-4DC8-98C7-0C3E119BB094}.Release|Any CPU.ActiveCfg = Release|Any CPU
		{F1BD6650-C9B3-4DC8-98C7-0C3E119BB094}.Release|Any CPU.Build.0 = Release|Any CPU
	EndGlobalSection
	GlobalSection(SolutionProperties) = preSolution
		HideSolutionNode = FALSE
	EndGlobalSection
	GlobalSection(ExtensibilityGlobals) = postSolution
		SolutionGuid = {E5DF3959-8BA3-476A-8B0E-FE66CD3077D2}
	EndGlobalSection
EndGlobal
